
Microsoft Visual Studio Solution File, Format Version 12.00
# Visual Studio Version 17
VisualStudioVersion = 17.0.31612.314
MinimumVisualStudioVersion = 10.0.40219.1
Project("{2150E333-8FDC-42A3-9474-1A3956D46DE8}") = "Solution Items", "Solution Items", "{8F157918-2A2C-4F3D-8537-3CEFD40C7EE7}"
	ProjectSection(SolutionItems) = preProject
		.editorconfig = .editorconfig
	EndProjectSection
EndProject
Project("{2150E333-8FDC-42A3-9474-1A3956D46DE8}") = "Info", "Info", "{208A791D-0448-4260-B0B8-4DB298ACAF47}"
	ProjectSection(SolutionItems) = preProject
		..\..\..\Downloads\datafile.dtd = ..\..\..\Downloads\datafile.dtd
	EndProjectSection
EndProject
Project("{2150E333-8FDC-42A3-9474-1A3956D46DE8}") = "src", "src", "{827E0CD3-B72D-47B6-A68D-7590B98EB39B}"
EndProject
Project("{FAE04EC0-301F-11D3-BF4B-00C04F79EFBC}") = "Subrom.Domain", "src\Subrom.Domain\Subrom.Domain.csproj", "{4EC9707C-E9F6-4756-8456-A5F002BD02DD}"
EndProject
Project("{FAE04EC0-301F-11D3-BF4B-00C04F79EFBC}") = "Subrom.Application", "src\Subrom.Application\Subrom.Application.csproj", "{659F6243-6045-4054-9F3F-2EF6746967E8}"
EndProject
Project("{FAE04EC0-301F-11D3-BF4B-00C04F79EFBC}") = "Subrom.Infrastructure", "src\Subrom.Infrastructure\Subrom.Infrastructure.csproj", "{9422CBD0-F693-44E2-94D0-4D549986CF32}"
EndProject
Project("{FAE04EC0-301F-11D3-BF4B-00C04F79EFBC}") = "Subrom.Server", "src\Subrom.Server\Subrom.Server.csproj", "{0644AF6B-9D10-4422-8A43-734D27F3F5BE}"
EndProject
Project("{2150E333-8FDC-42A3-9474-1A3956D46DE8}") = "tests", "tests", "{0AB3BF05-4346-4AA6-1389-037BE0695223}"
EndProject
Project("{FAE04EC0-301F-11D3-BF4B-00C04F79EFBC}") = "Subrom.Tests.Unit", "tests\Subrom.Tests.Unit\Subrom.Tests.Unit.csproj", "{E78E5985-A881-461A-A27A-76B2894B68B1}"
EndProject
Project("{FAE04EC0-301F-11D3-BF4B-00C04F79EFBC}") = "Subrom.Tray", "src\Subrom.Tray\Subrom.Tray.csproj", "{8F3D61D3-56DC-4BAC-9920-C5942F75B74E}"
EndProject
Project("{FAE04EC0-301F-11D3-BF4B-00C04F79EFBC}") = "Subrom.Service", "src\Subrom.Service\Subrom.Service.csproj", "{D2A6328E-EB10-4731-95D2-5C2F5781400B}"
EndProject
Global
	GlobalSection(SolutionConfigurationPlatforms) = preSolution
		Debug|Any CPU = Debug|Any CPU
		Debug|x64 = Debug|x64
		Debug|x86 = Debug|x86
		Release|Any CPU = Release|Any CPU
		Release|x64 = Release|x64
		Release|x86 = Release|x86
	EndGlobalSection
	GlobalSection(ProjectConfigurationPlatforms) = postSolution
		{4EC9707C-E9F6-4756-8456-A5F002BD02DD}.Debug|Any CPU.ActiveCfg = Debug|Any CPU
		{4EC9707C-E9F6-4756-8456-A5F002BD02DD}.Debug|Any CPU.Build.0 = Debug|Any CPU
		{4EC9707C-E9F6-4756-8456-A5F002BD02DD}.Debug|x64.ActiveCfg = Debug|Any CPU
		{4EC9707C-E9F6-4756-8456-A5F002BD02DD}.Debug|x64.Build.0 = Debug|Any CPU
		{4EC9707C-E9F6-4756-8456-A5F002BD02DD}.Debug|x86.ActiveCfg = Debug|Any CPU
		{4EC9707C-E9F6-4756-8456-A5F002BD02DD}.Debug|x86.Build.0 = Debug|Any CPU
		{4EC9707C-E9F6-4756-8456-A5F002BD02DD}.Release|Any CPU.ActiveCfg = Release|Any CPU
		{4EC9707C-E9F6-4756-8456-A5F002BD02DD}.Release|Any CPU.Build.0 = Release|Any CPU
		{4EC9707C-E9F6-4756-8456-A5F002BD02DD}.Release|x64.ActiveCfg = Release|Any CPU
		{4EC9707C-E9F6-4756-8456-A5F002BD02DD}.Release|x64.Build.0 = Release|Any CPU
		{4EC9707C-E9F6-4756-8456-A5F002BD02DD}.Release|x86.ActiveCfg = Release|Any CPU
		{4EC9707C-E9F6-4756-8456-A5F002BD02DD}.Release|x86.Build.0 = Release|Any CPU
		{659F6243-6045-4054-9F3F-2EF6746967E8}.Debug|Any CPU.ActiveCfg = Debug|Any CPU
		{659F6243-6045-4054-9F3F-2EF6746967E8}.Debug|Any CPU.Build.0 = Debug|Any CPU
		{659F6243-6045-4054-9F3F-2EF6746967E8}.Debug|x64.ActiveCfg = Debug|Any CPU
		{659F6243-6045-4054-9F3F-2EF6746967E8}.Debug|x64.Build.0 = Debug|Any CPU
		{659F6243-6045-4054-9F3F-2EF6746967E8}.Debug|x86.ActiveCfg = Debug|Any CPU
		{659F6243-6045-4054-9F3F-2EF6746967E8}.Debug|x86.Build.0 = Debug|Any CPU
		{659F6243-6045-4054-9F3F-2EF6746967E8}.Release|Any CPU.ActiveCfg = Release|Any CPU
		{659F6243-6045-4054-9F3F-2EF6746967E8}.Release|Any CPU.Build.0 = Release|Any CPU
		{659F6243-6045-4054-9F3F-2EF6746967E8}.Release|x64.ActiveCfg = Release|Any CPU
		{659F6243-6045-4054-9F3F-2EF6746967E8}.Release|x64.Build.0 = Release|Any CPU
		{659F6243-6045-4054-9F3F-2EF6746967E8}.Release|x86.ActiveCfg = Release|Any CPU
		{659F6243-6045-4054-9F3F-2EF6746967E8}.Release|x86.Build.0 = Release|Any CPU
		{9422CBD0-F693-44E2-94D0-4D549986CF32}.Debug|Any CPU.ActiveCfg = Debug|Any CPU
		{9422CBD0-F693-44E2-94D0-4D549986CF32}.Debug|Any CPU.Build.0 = Debug|Any CPU
		{9422CBD0-F693-44E2-94D0-4D549986CF32}.Debug|x64.ActiveCfg = Debug|Any CPU
		{9422CBD0-F693-44E2-94D0-4D549986CF32}.Debug|x64.Build.0 = Debug|Any CPU
		{9422CBD0-F693-44E2-94D0-4D549986CF32}.Debug|x86.ActiveCfg = Debug|Any CPU
		{9422CBD0-F693-44E2-94D0-4D549986CF32}.Debug|x86.Build.0 = Debug|Any CPU
		{9422CBD0-F693-44E2-94D0-4D549986CF32}.Release|Any CPU.ActiveCfg = Release|Any CPU
		{9422CBD0-F693-44E2-94D0-4D549986CF32}.Release|Any CPU.Build.0 = Release|Any CPU
		{9422CBD0-F693-44E2-94D0-4D549986CF32}.Release|x64.ActiveCfg = Release|Any CPU
		{9422CBD0-F693-44E2-94D0-4D549986CF32}.Release|x64.Build.0 = Release|Any CPU
		{9422CBD0-F693-44E2-94D0-4D549986CF32}.Release|x86.ActiveCfg = Release|Any CPU
		{9422CBD0-F693-44E2-94D0-4D549986CF32}.Release|x86.Build.0 = Release|Any CPU
		{0644AF6B-9D10-4422-8A43-734D27F3F5BE}.Debug|Any CPU.ActiveCfg = Debug|Any CPU
		{0644AF6B-9D10-4422-8A43-734D27F3F5BE}.Debug|Any CPU.Build.0 = Debug|Any CPU
		{0644AF6B-9D10-4422-8A43-734D27F3F5BE}.Debug|x64.ActiveCfg = Debug|Any CPU
		{0644AF6B-9D10-4422-8A43-734D27F3F5BE}.Debug|x64.Build.0 = Debug|Any CPU
		{0644AF6B-9D10-4422-8A43-734D27F3F5BE}.Debug|x86.ActiveCfg = Debug|Any CPU
		{0644AF6B-9D10-4422-8A43-734D27F3F5BE}.Debug|x86.Build.0 = Debug|Any CPU
		{0644AF6B-9D10-4422-8A43-734D27F3F5BE}.Release|Any CPU.ActiveCfg = Release|Any CPU
		{0644AF6B-9D10-4422-8A43-734D27F3F5BE}.Release|Any CPU.Build.0 = Release|Any CPU
		{0644AF6B-9D10-4422-8A43-734D27F3F5BE}.Release|x64.ActiveCfg = Release|Any CPU
		{0644AF6B-9D10-4422-8A43-734D27F3F5BE}.Release|x64.Build.0 = Release|Any CPU
		{0644AF6B-9D10-4422-8A43-734D27F3F5BE}.Release|x86.ActiveCfg = Release|Any CPU
		{0644AF6B-9D10-4422-8A43-734D27F3F5BE}.Release|x86.Build.0 = Release|Any CPU
		{E78E5985-A881-461A-A27A-76B2894B68B1}.Debug|Any CPU.ActiveCfg = Debug|Any CPU
		{E78E5985-A881-461A-A27A-76B2894B68B1}.Debug|Any CPU.Build.0 = Debug|Any CPU
		{E78E5985-A881-461A-A27A-76B2894B68B1}.Debug|x64.ActiveCfg = Debug|Any CPU
		{E78E5985-A881-461A-A27A-76B2894B68B1}.Debug|x64.Build.0 = Debug|Any CPU
		{E78E5985-A881-461A-A27A-76B2894B68B1}.Debug|x86.ActiveCfg = Debug|Any CPU
		{E78E5985-A881-461A-A27A-76B2894B68B1}.Debug|x86.Build.0 = Debug|Any CPU
		{E78E5985-A881-461A-A27A-76B2894B68B1}.Release|Any CPU.ActiveCfg = Release|Any CPU
		{E78E5985-A881-461A-A27A-76B2894B68B1}.Release|Any CPU.Build.0 = Release|Any CPU
		{E78E5985-A881-461A-A27A-76B2894B68B1}.Release|x64.ActiveCfg = Release|Any CPU
		{E78E5985-A881-461A-A27A-76B2894B68B1}.Release|x64.Build.0 = Release|Any CPU
		{E78E5985-A881-461A-A27A-76B2894B68B1}.Release|x86.ActiveCfg = Release|Any CPU
		{E78E5985-A881-461A-A27A-76B2894B68B1}.Release|x86.Build.0 = Release|Any CPU
		{8F3D61D3-56DC-4BAC-9920-C5942F75B74E}.Debug|Any CPU.ActiveCfg = Debug|Any CPU
		{8F3D61D3-56DC-4BAC-9920-C5942F75B74E}.Debug|Any CPU.Build.0 = Debug|Any CPU
		{8F3D61D3-56DC-4BAC-9920-C5942F75B74E}.Debug|x64.ActiveCfg = Debug|Any CPU
		{8F3D61D3-56DC-4BAC-9920-C5942F75B74E}.Debug|x64.Build.0 = Debug|Any CPU
		{8F3D61D3-56DC-4BAC-9920-C5942F75B74E}.Debug|x86.ActiveCfg = Debug|Any CPU
		{8F3D61D3-56DC-4BAC-9920-C5942F75B74E}.Debug|x86.Build.0 = Debug|Any CPU
		{8F3D61D3-56DC-4BAC-9920-C5942F75B74E}.Release|Any CPU.ActiveCfg = Release|Any CPU
		{8F3D61D3-56DC-4BAC-9920-C5942F75B74E}.Release|Any CPU.Build.0 = Release|Any CPU
		{8F3D61D3-56DC-4BAC-9920-C5942F75B74E}.Release|x64.ActiveCfg = Release|Any CPU
		{8F3D61D3-56DC-4BAC-9920-C5942F75B74E}.Release|x64.Build.0 = Release|Any CPU
		{8F3D61D3-56DC-4BAC-9920-C5942F75B74E}.Release|x86.ActiveCfg = Release|Any CPU
		{8F3D61D3-56DC-4BAC-9920-C5942F75B74E}.Release|x86.Build.0 = Release|Any CPU
		{D2A6328E-EB10-4731-95D2-5C2F5781400B}.Debug|Any CPU.ActiveCfg = Debug|Any CPU
		{D2A6328E-EB10-4731-95D2-5C2F5781400B}.Debug|Any CPU.Build.0 = Debug|Any CPU
		{D2A6328E-EB10-4731-95D2-5C2F5781400B}.Debug|x64.ActiveCfg = Debug|Any CPU
		{D2A6328E-EB10-4731-95D2-5C2F5781400B}.Debug|x64.Build.0 = Debug|Any CPU
		{D2A6328E-EB10-4731-95D2-5C2F5781400B}.Debug|x86.ActiveCfg = Debug|Any CPU
		{D2A6328E-EB10-4731-95D2-5C2F5781400B}.Debug|x86.Build.0 = Debug|Any CPU
		{D2A6328E-EB10-4731-95D2-5C2F5781400B}.Release|Any CPU.ActiveCfg = Release|Any CPU
		{D2A6328E-EB10-4731-95D2-5C2F5781400B}.Release|Any CPU.Build.0 = Release|Any CPU
		{D2A6328E-EB10-4731-95D2-5C2F5781400B}.Release|x64.ActiveCfg = Release|Any CPU
		{D2A6328E-EB10-4731-95D2-5C2F5781400B}.Release|x64.Build.0 = Release|Any CPU
		{D2A6328E-EB10-4731-95D2-5C2F5781400B}.Release|x86.ActiveCfg = Release|Any CPU
		{D2A6328E-EB10-4731-95D2-5C2F5781400B}.Release|x86.Build.0 = Release|Any CPU
	EndGlobalSection
	GlobalSection(SolutionProperties) = preSolution
		HideSolutionNode = FALSE
	EndGlobalSection
	GlobalSection(NestedProjects) = preSolution
		{4EC9707C-E9F6-4756-8456-A5F002BD02DD} = {827E0CD3-B72D-47B6-A68D-7590B98EB39B}
		{659F6243-6045-4054-9F3F-2EF6746967E8} = {827E0CD3-B72D-47B6-A68D-7590B98EB39B}
		{9422CBD0-F693-44E2-94D0-4D549986CF32} = {827E0CD3-B72D-47B6-A68D-7590B98EB39B}
		{0644AF6B-9D10-4422-8A43-734D27F3F5BE} = {827E0CD3-B72D-47B6-A68D-7590B98EB39B}
		{E78E5985-A881-461A-A27A-76B2894B68B1} = {0AB3BF05-4346-4AA6-1389-037BE0695223}
		{8F3D61D3-56DC-4BAC-9920-C5942F75B74E} = {827E0CD3-B72D-47B6-A68D-7590B98EB39B}
		{D2A6328E-EB10-4731-95D2-5C2F5781400B} = {827E0CD3-B72D-47B6-A68D-7590B98EB39B}
	EndGlobalSection
	GlobalSection(ExtensibilityGlobals) = postSolution
		SolutionGuid = {20F90E84-E631-4859-9641-EFC93BDE1623}
	EndGlobalSection
EndGlobal
